
Microsoft Visual Studio Solution File, Format Version 12.00
# Visual Studio Version 17
VisualStudioVersion = 17.14.37628.2 d17.14
MinimumVisualStudioVersion = 10.0.40219.1
Project("{FAE04EC0-301F-11D3-BF4B-00C04F79EFBC}") = "TaskManager", "TaskManager.csproj", "{2A40EBEB-78E0-47FB-92A3-D02FD2C39CBF}"
EndProject
Global
	GlobalSection(SolutionConfigurationPlatforms) = preSolution
		Debug|Any CPU = Debug|Any CPU
		Release|Any CPU = Release|Any CPU
	EndGlobalSection
	GlobalSection(ProjectConfigurationPlatforms) = postSolution
		{2A40EBEB-78E0-47FB-92A3-D02FD2C39CBF}.Debug|Any CPU.ActiveCfg = Debug|Any CPU
		{2A40EBEB-78E0-47FB-92A3-D02FD2C39CBF}.Debug|Any CPU.Build.0 = Debug|Any CPU
		{2A40EBEB-78E0-47FB-92A3-D02FD2C39CBF}.Release|Any CPU.ActiveCfg = Release|Any CPU
		{2A40EBEB-78E0-47FB-92A3-D02FD2C39CBF}.Release|Any CPU.Build.0 = Release|Any CPU
	EndGlobalSection
	GlobalSection(SolutionProperties) = preSolution
		HideSolutionNode = FALSE
	EndGlobalSection
	GlobalSection(ExtensibilityGlobals) = postSolution
		SolutionGuid = {79372A4E-EE95-4B27-98CB-1FD9460DFBA6}
	EndGlobalSection
EndGlobal
